
Microsoft Visual Studio Solution File, Format Version 12.00
# Visual Studio Version 16
VisualStudioVersion = 16.0.29215.179
MinimumVisualStudioVersion = 10.0.40219.1
Project("{2150E333-8FDC-42A3-9474-1A3956D46DE8}") = "src", "src", "{A72E11C9-735D-4613-BE0D-6158D34E5C5E}"
EndProject
Project("{2150E333-8FDC-42A3-9474-1A3956D46DE8}") = "test", "test", "{09451285-E000-4C56-A874-B3A5A100E808}"
EndProject
Project("{9A19103F-16F7-4668-BE54-9A1E7A4F7556}") = "Admin", "Admin\Admin.csproj", "{3DAA3A1B-EF83-4D92-9281-B1C7E0DC18DB}"
EndProject
Project("{9A19103F-16F7-4668-BE54-9A1E7A4F7556}") = "ApplicationServices", "ApplicationServices\ApplicationServices.csproj", "{CF1D4709-DE4C-4F3E-9112-7ECE5BBA605B}"
EndProject
Project("{9A19103F-16F7-4668-BE54-9A1E7A4F7556}") = "ConsoleCore", "ConsoleCore\ConsoleCore.csproj", "{549C5A23-D846-410F-9280-A56545F2B09F}"
EndProject
Project("{9A19103F-16F7-4668-BE54-9A1E7A4F7556}") = "CoreExtension", "CoreExtension\CoreExtension.csproj", "{A394D0FE-F541-4D7E-A27C-80ECFD5BE194}"
EndProject
Project("{9A19103F-16F7-4668-BE54-9A1E7A4F7556}") = "Dal.Ef", "Dal.Ef\Dal.Ef.csproj", "{28B06B61-3FF9-4537-978C-21E68AB4A4C1}"
EndProject
Project("{9A19103F-16F7-4668-BE54-9A1E7A4F7556}") = "Domain.Contract", "Domain.Contract\Domain.Contract.csproj", "{71AF5B5F-4CA0-4DBF-985C-AC8D6613F049}"
EndProject
Project("{9A19103F-16F7-4668-BE54-9A1E7A4F7556}") = "Domain.Entities", "Domain.Entities\Domain.Entities.csproj", "{F29B4D8E-FC28-471D-866D-9ECD57C01694}"
EndProject
Project("{9A19103F-16F7-4668-BE54-9A1E7A4F7556}") = "Dto", "Dto\Dto.csproj", "{316684AC-5542-4FF5-99CE-EE58D789DA58}"
EndProject
Project("{9A19103F-16F7-4668-BE54-9A1E7A4F7556}") = "Extensions", "Extensions\Extensions.csproj", "{71D6976A-BE6E-4178-89E9-DE8A0FBA6D17}"
EndProject
Project("{9A19103F-16F7-4668-BE54-9A1E7A4F7556}") = "MobileEndpoint", "MobileEndpoint\MobileEndpoint.csproj", "{363FE63C-14E3-49AE-A706-31285E3D0BB8}"
EndProject
Project("{9A19103F-16F7-4668-BE54-9A1E7A4F7556}") = "Site", "Site\Site.csproj", "{1405CB08-E0A1-4245-8C89-8A9C0788796C}"
EndProject
Project("{9A19103F-16F7-4668-BE54-9A1E7A4F7556}") = "Utility", "Utility\Utility.csproj", "{3E1163B8-E565-46D2-A1A8-C054D19B0E5A}"
EndProject
Global
	GlobalSection(SolutionConfigurationPlatforms) = preSolution
		Debug|Any CPU = Debug|Any CPU
		Release|Any CPU = Release|Any CPU
	EndGlobalSection
	GlobalSection(ProjectConfigurationPlatforms) = postSolution
		{3DAA3A1B-EF83-4D92-9281-B1C7E0DC18DB}.Debug|Any CPU.ActiveCfg = Debug|Any CPU
		{3DAA3A1B-EF83-4D92-9281-B1C7E0DC18DB}.Debug|Any CPU.Build.0 = Debug|Any CPU
		{3DAA3A1B-EF83-4D92-9281-B1C7E0DC18DB}.Release|Any CPU.ActiveCfg = Release|Any CPU
		{3DAA3A1B-EF83-4D92-9281-B1C7E0DC18DB}.Release|Any CPU.Build.0 = Release|Any CPU
		{CF1D4709-DE4C-4F3E-9112-7ECE5BBA605B}.Debug|Any CPU.ActiveCfg = Debug|Any CPU
		{CF1D4709-DE4C-4F3E-9112-7ECE5BBA605B}.Debug|Any CPU.Build.0 = Debug|Any CPU
		{CF1D4709-DE4C-4F3E-9112-7ECE5BBA605B}.Release|Any CPU.ActiveCfg = Release|Any CPU
		{CF1D4709-DE4C-4F3E-9112-7ECE5BBA605B}.Release|Any CPU.Build.0 = Release|Any CPU
		{549C5A23-D846-410F-9280-A56545F2B09F}.Debug|Any CPU.ActiveCfg = Debug|Any CPU
		{549C5A23-D846-410F-9280-A56545F2B09F}.Debug|Any CPU.Build.0 = Debug|Any CPU
		{549C5A23-D846-410F-9280-A56545F2B09F}.Release|Any CPU.ActiveCfg = Release|Any CPU
		{549C5A23-D846-410F-9280-A56545F2B09F}.Release|Any CPU.Build.0 = Release|Any CPU
		{A394D0FE-F541-4D7E-A27C-80ECFD5BE194}.Debug|Any CPU.ActiveCfg = Debug|Any CPU
		{A394D0FE-F541-4D7E-A27C-80ECFD5BE194}.Debug|Any CPU.Build.0 = Debug|Any CPU
		{A394D0FE-F541-4D7E-A27C-80ECFD5BE194}.Release|Any CPU.ActiveCfg = Release|Any CPU
		{A394D0FE-F541-4D7E-A27C-80ECFD5BE194}.Release|Any CPU.Build.0 = Release|Any CPU
		{28B06B61-3FF9-4537-978C-21E68AB4A4C1}.Debug|Any CPU.ActiveCfg = Debug|Any CPU
		{28B06B61-3FF9-4537-978C-21E68AB4A4C1}.Debug|Any CPU.Build.0 = Debug|Any CPU
		{28B06B61-3FF9-4537-978C-21E68AB4A4C1}.Release|Any CPU.ActiveCfg = Release|Any CPU
		{28B06B61-3FF9-4537-978C-21E68AB4A4C1}.Release|Any CPU.Build.0 = Release|Any CPU
		{71AF5B5F-4CA0-4DBF-985C-AC8D6613F049}.Debug|Any CPU.ActiveCfg = Debug|Any CPU
		{71AF5B5F-4CA0-4DBF-985C-AC8D6613F049}.Debug|Any CPU.Build.0 = Debug|Any CPU
		{71AF5B5F-4CA0-4DBF-985C-AC8D6613F049}.Release|Any CPU.ActiveCfg = Release|Any CPU
		{71AF5B5F-4CA0-4DBF-985C-AC8D6613F049}.Release|Any CPU.Build.0 = Release|Any CPU
		{F29B4D8E-FC28-471D-866D-9ECD57C01694}.Debug|Any CPU.ActiveCfg = Debug|Any CPU
		{F29B4D8E-FC28-471D-866D-9ECD57C01694}.Debug|Any CPU.Build.0 = Debug|Any CPU
		{F29B4D8E-FC28-471D-866D-9ECD57C01694}.Release|Any CPU.ActiveCfg = Release|Any CPU
		{F29B4D8E-FC28-471D-866D-9ECD57C01694}.Release|Any CPU.Build.0 = Release|Any CPU
		{316684AC-5542-4FF5-99CE-EE58D789DA58}.Debug|Any CPU.ActiveCfg = Debug|Any CPU
		{316684AC-5542-4FF5-99CE-EE58D789DA58}.Debug|Any CPU.Build.0 = Debug|Any CPU
		{316684AC-5542-4FF5-99CE-EE58D789DA58}.Release|Any CPU.ActiveCfg = Release|Any CPU
		{316684AC-5542-4FF5-99CE-EE58D789DA58}.Release|Any CPU.Build.0 = Release|Any CPU
		{71D6976A-BE6E-4178-89E9-DE8A0FBA6D17}.Debug|Any CPU.ActiveCfg = Debug|Any CPU
		{71D6976A-BE6E-4178-89E9-DE8A0FBA6D17}.Debug|Any CPU.Build.0 = Debug|Any CPU
		{71D6976A-BE6E-4178-89E9-DE8A0FBA6D17}.Release|Any CPU.ActiveCfg = Release|Any CPU
		{71D6976A-BE6E-4178-89E9-DE8A0FBA6D17}.Release|Any CPU.Build.0 = Release|Any CPU
		{363FE63C-14E3-49AE-A706-31285E3D0BB8}.Debug|Any CPU.ActiveCfg = Debug|Any CPU
		{363FE63C-14E3-49AE-A706-31285E3D0BB8}.Debug|Any CPU.Build.0 = Debug|Any CPU
		{363FE63C-14E3-49AE-A706-31285E3D0BB8}.Release|Any CPU.ActiveCfg = Release|Any CPU
		{363FE63C-14E3-49AE-A706-31285E3D0BB8}.Release|Any CPU.Build.0 = Release|Any CPU
		{1405CB08-E0A1-4245-8C89-8A9C0788796C}.Debug|Any CPU.ActiveCfg = Debug|Any CPU
		{1405CB08-E0A1-4245-8C89-8A9C0788796C}.Debug|Any CPU.Build.0 = Debug|Any CPU
		{1405CB08-E0A1-4245-8C89-8A9C0788796C}.Release|Any CPU.ActiveCfg = Release|Any CPU
		{1405CB08-E0A1-4245-8C89-8A9C0788796C}.Release|Any CPU.Build.0 = Release|Any CPU
		{3E1163B8-E565-46D2-A1A8-C054D19B0E5A}.Debug|Any CPU.ActiveCfg = Debug|Any CPU
		{3E1163B8-E565-46D2-A1A8-C054D19B0E5A}.Debug|Any CPU.Build.0 = Debug|Any CPU
		{3E1163B8-E565-46D2-A1A8-C054D19B0E5A}.Release|Any CPU.ActiveCfg = Release|Any CPU
		{3E1163B8-E565-46D2-A1A8-C054D19B0E5A}.Release|Any CPU.Build.0 = Release|Any CPU
	EndGlobalSection
	GlobalSection(SolutionProperties) = preSolution
		HideSolutionNode = FALSE
	EndGlobalSection
	GlobalSection(NestedProjects) = preSolution
		{3DAA3A1B-EF83-4D92-9281-B1C7E0DC18DB} = {A72E11C9-735D-4613-BE0D-6158D34E5C5E}
		{CF1D4709-DE4C-4F3E-9112-7ECE5BBA605B} = {A72E11C9-735D-4613-BE0D-6158D34E5C5E}
		{549C5A23-D846-410F-9280-A56545F2B09F} = {A72E11C9-735D-4613-BE0D-6158D34E5C5E}
		{A394D0FE-F541-4D7E-A27C-80ECFD5BE194} = {A72E11C9-735D-4613-BE0D-6158D34E5C5E}
		{28B06B61-3FF9-4537-978C-21E68AB4A4C1} = {A72E11C9-735D-4613-BE0D-6158D34E5C5E}
		{71AF5B5F-4CA0-4DBF-985C-AC8D6613F049} = {A72E11C9-735D-4613-BE0D-6158D34E5C5E}
		{F29B4D8E-FC28-471D-866D-9ECD57C01694} = {A72E11C9-735D-4613-BE0D-6158D34E5C5E}
		{316684AC-5542-4FF5-99CE-EE58D789DA58} = {A72E11C9-735D-4613-BE0D-6158D34E5C5E}
		{71D6976A-BE6E-4178-89E9-DE8A0FBA6D17} = {A72E11C9-735D-4613-BE0D-6158D34E5C5E}
		{363FE63C-14E3-49AE-A706-31285E3D0BB8} = {A72E11C9-735D-4613-BE0D-6158D34E5C5E}
		{1405CB08-E0A1-4245-8C89-8A9C0788796C} = {A72E11C9-735D-4613-BE0D-6158D34E5C5E}
		{3E1163B8-E565-46D2-A1A8-C054D19B0E5A} = {A72E11C9-735D-4613-BE0D-6158D34E5C5E}
	EndGlobalSection
	GlobalSection(ExtensibilityGlobals) = postSolution
		SolutionGuid = {077ACB0D-2B1C-4096-8023-AE10AFE5F94A}
	EndGlobalSection
EndGlobal
